
Microsoft Visual Studio Solution File, Format Version 12.00
# Visual Studio Version 16
VisualStudioVersion = 16.0.29709.97
MinimumVisualStudioVersion = 10.0.40219.1
Project("{8BC9CEB8-8B4A-11D0-8D11-00A0C91BC942}") = "LabCpp", "LabCpp\LabCpp.vcxproj", "{7001B1F8-683E-4A83-BDB9-CA73BA344D01}"
EndProject
Project("{8BC9CEB8-8B4A-11D0-8D11-00A0C91BC942}") = "01-CiaoMondo", "01-CiaoMondo\01-CiaoMondo.vcxproj", "{039C02DC-8155-4DB3-BBB5-596F5CB5C64D}"
EndProject
Project("{8BC9CEB8-8B4A-11D0-8D11-00A0C91BC942}") = "02-Saluto", "02-saluto\02-saluto.vcxproj", "{4D6AFF02-8423-41DF-A9E4-4559B1F56980}"
EndProject
Project("{8BC9CEB8-8B4A-11D0-8D11-00A0C91BC942}") = "03-Operazioni", "03-Operazioni\03-Operazioni.vcxproj", "{0CED656D-8870-46F0-937D-A23ED6A76FC4}"
EndProject
Project("{8BC9CEB8-8B4A-11D0-8D11-00A0C91BC942}") = "Amicabili", "Amicabili\Amicabili.vcxproj", "{10031937-B115-4D49-B760-5915C4E047F2}"
EndProject
Project("{8BC9CEB8-8B4A-11D0-8D11-00A0C91BC942}") = "LineaRetta", "LineaRetta\LineaRetta.vcxproj", "{E4CC581E-C3CB-4894-A30C-E2D6AFD1D056}"
EndProject
Project("{8BC9CEB8-8B4A-11D0-8D11-00A0C91BC942}") = "ListaSTL", "ListaSTL\ListaSTL.vcxproj", "{E864DAAD-712A-4EB5-AABB-13FC2E5E71AE}"
EndProject
Project("{8BC9CEB8-8B4A-11D0-8D11-00A0C91BC942}") = "Rubrica", "Rubrica\Rubrica.vcxproj", "{EB2C1086-7900-43BD-9505-2F692EDB2853}"
EndProject
Project("{8BC9CEB8-8B4A-11D0-8D11-00A0C91BC942}") = "AltoBasso", "AltoBasso\AltoBasso.vcxproj", "{A06D0913-D86D-4F79-8D8B-91E989754487}"
EndProject
Project("{8BC9CEB8-8B4A-11D0-8D11-00A0C91BC942}") = "ScontoConSwitch", "ScontoConSwitch\ScontoConSwitch.vcxproj", "{AF5F43D1-7DAE-40D7-BAF4-384D6D5DA05B}"
EndProject
Project("{8BC9CEB8-8B4A-11D0-8D11-00A0C91BC942}") = "MemLeaks", "MemLeaks\MemLeaks.vcxproj", "{6A07DE08-6523-45E9-8CA6-B000C2F61944}"
EndProject
Project("{8BC9CEB8-8B4A-11D0-8D11-00A0C91BC942}") = "Voti2Classi", "Voti2Classi\Voti2Classi.vcxproj", "{71AFE9B5-8523-4CE1-8EA5-A0E06D6D9C32}"
EndProject
Global
	GlobalSection(SolutionConfigurationPlatforms) = preSolution
		Debug|x64 = Debug|x64
		Debug|x86 = Debug|x86
		Release|x64 = Release|x64
		Release|x86 = Release|x86
	EndGlobalSection
	GlobalSection(ProjectConfigurationPlatforms) = postSolution
		{7001B1F8-683E-4A83-BDB9-CA73BA344D01}.Debug|x64.ActiveCfg = Debug|x64
		{7001B1F8-683E-4A83-BDB9-CA73BA344D01}.Debug|x64.Build.0 = Debug|x64
		{7001B1F8-683E-4A83-BDB9-CA73BA344D01}.Debug|x86.ActiveCfg = Debug|Win32
		{7001B1F8-683E-4A83-BDB9-CA73BA344D01}.Debug|x86.Build.0 = Debug|Win32
		{7001B1F8-683E-4A83-BDB9-CA73BA344D01}.Release|x64.ActiveCfg = Release|x64
		{7001B1F8-683E-4A83-BDB9-CA73BA344D01}.Release|x64.Build.0 = Release|x64
		{7001B1F8-683E-4A83-BDB9-CA73BA344D01}.Release|x86.ActiveCfg = Release|Win32
		{7001B1F8-683E-4A83-BDB9-CA73BA344D01}.Release|x86.Build.0 = Release|Win32
		{039C02DC-8155-4DB3-BBB5-596F5CB5C64D}.Debug|x64.ActiveCfg = Debug|x64
		{039C02DC-8155-4DB3-BBB5-596F5CB5C64D}.Debug|x64.Build.0 = Debug|x64
		{039C02DC-8155-4DB3-BBB5-596F5CB5C64D}.Debug|x86.ActiveCfg = Debug|Win32
		{039C02DC-8155-4DB3-BBB5-596F5CB5C64D}.Debug|x86.Build.0 = Debug|Win32
		{039C02DC-8155-4DB3-BBB5-596F5CB5C64D}.Release|x64.ActiveCfg = Release|x64
		{039C02DC-8155-4DB3-BBB5-596F5CB5C64D}.Release|x64.Build.0 = Release|x64
		{039C02DC-8155-4DB3-BBB5-596F5CB5C64D}.Release|x86.ActiveCfg = Release|Win32
		{039C02DC-8155-4DB3-BBB5-596F5CB5C64D}.Release|x86.Build.0 = Release|Win32
		{4D6AFF02-8423-41DF-A9E4-4559B1F56980}.Debug|x64.ActiveCfg = Debug|x64
		{4D6AFF02-8423-41DF-A9E4-4559B1F56980}.Debug|x64.Build.0 = Debug|x64
		{4D6AFF02-8423-41DF-A9E4-4559B1F56980}.Debug|x86.ActiveCfg = Debug|Win32
		{4D6AFF02-8423-41DF-A9E4-4559B1F56980}.Debug|x86.Build.0 = Debug|Win32
		{4D6AFF02-8423-41DF-A9E4-4559B1F56980}.Release|x64.ActiveCfg = Release|x64
		{4D6AFF02-8423-41DF-A9E4-4559B1F56980}.Release|x64.Build.0 = Release|x64
		{4D6AFF02-8423-41DF-A9E4-4559B1F56980}.Release|x86.ActiveCfg = Release|Win32
		{4D6AFF02-8423-41DF-A9E4-4559B1F56980}.Release|x86.Build.0 = Release|Win32
		{0CED656D-8870-46F0-937D-A23ED6A76FC4}.Debug|x64.ActiveCfg = Debug|x64
		{0CED656D-8870-46F0-937D-A23ED6A76FC4}.Debug|x64.Build.0 = Debug|x64
		{0CED656D-8870-46F0-937D-A23ED6A76FC4}.Debug|x86.ActiveCfg = Debug|Win32
		{0CED656D-8870-46F0-937D-A23ED6A76FC4}.Debug|x86.Build.0 = Debug|Win32
		{0CED656D-8870-46F0-937D-A23ED6A76FC4}.Release|x64.ActiveCfg = Release|x64
		{0CED656D-8870-46F0-937D-A23ED6A76FC4}.Release|x64.Build.0 = Release|x64
		{0CED656D-8870-46F0-937D-A23ED6A76FC4}.Release|x86.ActiveCfg = Release|Win32
		{0CED656D-8870-46F0-937D-A23ED6A76FC4}.Release|x86.Build.0 = Release|Win32
		{10031937-B115-4D49-B760-5915C4E047F2}.Debug|x64.ActiveCfg = Debug|x64
		{10031937-B115-4D49-B760-5915C4E047F2}.Debug|x64.Build.0 = Debug|x64
		{10031937-B115-4D49-B760-5915C4E047F2}.Debug|x86.ActiveCfg = Debug|Win32
		{10031937-B115-4D49-B760-5915C4E047F2}.Debug|x86.Build.0 = Debug|Win32
		{10031937-B115-4D49-B760-5915C4E047F2}.Release|x64.ActiveCfg = Release|x64
		{10031937-B115-4D49-B760-5915C4E047F2}.Release|x64.Build.0 = Release|x64
		{10031937-B115-4D49-B760-5915C4E047F2}.Release|x86.ActiveCfg = Release|Win32
		{10031937-B115-4D49-B760-5915C4E047F2}.Release|x86.Build.0 = Release|Win32
		{E4CC581E-C3CB-4894-A30C-E2D6AFD1D056}.Debug|x64.ActiveCfg = Debug|x64
		{E4CC581E-C3CB-4894-A30C-E2D6AFD1D056}.Debug|x64.Build.0 = Debug|x64
		{E4CC581E-C3CB-4894-A30C-E2D6AFD1D056}.Debug|x86.ActiveCfg = Debug|Win32
		{E4CC581E-C3CB-4894-A30C-E2D6AFD1D056}.Debug|x86.Build.0 = Debug|Win32
		{E4CC581E-C3CB-4894-A30C-E2D6AFD1D056}.Release|x64.ActiveCfg = Release|x64
		{E4CC581E-C3CB-4894-A30C-E2D6AFD1D056}.Release|x64.Build.0 = Release|x64
		{E4CC581E-C3CB-4894-A30C-E2D6AFD1D056}.Release|x86.ActiveCfg = Release|Win32
		{E4CC581E-C3CB-4894-A30C-E2D6AFD1D056}.Release|x86.Build.0 = Release|Win32
		{E864DAAD-712A-4EB5-AABB-13FC2E5E71AE}.Debug|x64.ActiveCfg = Debug|x64
		{E864DAAD-712A-4EB5-AABB-13FC2E5E71AE}.Debug|x64.Build.0 = Debug|x64
		{E864DAAD-712A-4EB5-AABB-13FC2E5E71AE}.Debug|x86.ActiveCfg = Debug|Win32
		{E864DAAD-712A-4EB5-AABB-13FC2E5E71AE}.Debug|x86.Build.0 = Debug|Win32
		{E864DAAD-712A-4EB5-AABB-13FC2E5E71AE}.Release|x64.ActiveCfg = Release|x64
		{E864DAAD-712A-4EB5-AABB-13FC2E5E71AE}.Release|x64.Build.0 = Release|x64
		{E864DAAD-712A-4EB5-AABB-13FC2E5E71AE}.Release|x86.ActiveCfg = Release|Win32
		{E864DAAD-712A-4EB5-AABB-13FC2E5E71AE}.Release|x86.Build.0 = Release|Win32
		{EB2C1086-7900-43BD-9505-2F692EDB2853}.Debug|x64.ActiveCfg = Debug|x64
		{EB2C1086-7900-43BD-9505-2F692EDB2853}.Debug|x64.Build.0 = Debug|x64
		{EB2C1086-7900-43BD-9505-2F692EDB2853}.Debug|x86.ActiveCfg = Debug|Win32
		{EB2C1086-7900-43BD-9505-2F692EDB2853}.Debug|x86.Build.0 = Debug|Win32
		{EB2C1086-7900-43BD-9505-2F692EDB2853}.Release|x64.ActiveCfg = Release|x64
		{EB2C1086-7900-43BD-9505-2F692EDB2853}.Release|x64.Build.0 = Release|x64
		{EB2C1086-7900-43BD-9505-2F692EDB2853}.Release|x86.ActiveCfg = Release|Win32
		{EB2C1086-7900-43BD-9505-2F692EDB2853}.Release|x86.Build.0 = Release|Win32
		{A06D0913-D86D-4F79-8D8B-91E989754487}.Debug|x64.ActiveCfg = Debug|x64
		{A06D0913-D86D-4F79-8D8B-91E989754487}.Debug|x64.Build.0 = Debug|x64
		{A06D0913-D86D-4F79-8D8B-91E989754487}.Debug|x86.ActiveCfg = Debug|Win32
		{A06D0913-D86D-4F79-8D8B-91E989754487}.Debug|x86.Build.0 = Debug|Win32
		{A06D0913-D86D-4F79-8D8B-91E989754487}.Release|x64.ActiveCfg = Release|x64
		{A06D0913-D86D-4F79-8D8B-91E989754487}.Release|x64.Build.0 = Release|x64
		{A06D0913-D86D-4F79-8D8B-91E989754487}.Release|x86.ActiveCfg = Release|Win32
		{A06D0913-D86D-4F79-8D8B-91E989754487}.Release|x86.Build.0 = Release|Win32
		{AF5F43D1-7DAE-40D7-BAF4-384D6D5DA05B}.Debug|x64.ActiveCfg = Debug|x64
		{AF5F43D1-7DAE-40D7-BAF4-384D6D5DA05B}.Debug|x64.Build.0 = Debug|x64
		{AF5F43D1-7DAE-40D7-BAF4-384D6D5DA05B}.Debug|x86.ActiveCfg = Debug|Win32
		{AF5F43D1-7DAE-40D7-BAF4-384D6D5DA05B}.Debug|x86.Build.0 = Debug|Win32
		{AF5F43D1-7DAE-40D7-BAF4-384D6D5DA05B}.Release|x64.ActiveCfg = Release|x64
		{AF5F43D1-7DAE-40D7-BAF4-384D6D5DA05B}.Release|x64.Build.0 = Release|x64
		{AF5F43D1-7DAE-40D7-BAF4-384D6D5DA05B}.Release|x86.ActiveCfg = Release|Win32
		{AF5F43D1-7DAE-40D7-BAF4-384D6D5DA05B}.Release|x86.Build.0 = Release|Win32
		{6A07DE08-6523-45E9-8CA6-B000C2F61944}.Debug|x64.ActiveCfg = Debug|x64
		{6A07DE08-6523-45E9-8CA6-B000C2F61944}.Debug|x64.Build.0 = Debug|x64
		{6A07DE08-6523-45E9-8CA6-B000C2F61944}.Debug|x86.ActiveCfg = Debug|Win32
		{6A07DE08-6523-45E9-8CA6-B000C2F61944}.Debug|x86.Build.0 = Debug|Win32
		{6A07DE08-6523-45E9-8CA6-B000C2F61944}.Release|x64.ActiveCfg = Release|x64
		{6A07DE08-6523-45E9-8CA6-B000C2F61944}.Release|x64.Build.0 = Release|x64
		{6A07DE08-6523-45E9-8CA6-B000C2F61944}.Release|x86.ActiveCfg = Release|Win32
		{6A07DE08-6523-45E9-8CA6-B000C2F61944}.Release|x86.Build.0 = Release|Win32
		{71AFE9B5-8523-4CE1-8EA5-A0E06D6D9C32}.Debug|x64.ActiveCfg = Debug|x64
		{71AFE9B5-8523-4CE1-8EA5-A0E06D6D9C32}.Debug|x64.Build.0 = Debug|x64
		{71AFE9B5-8523-4CE1-8EA5-A0E06D6D9C32}.Debug|x86.ActiveCfg = Debug|Win32
		{71AFE9B5-8523-4CE1-8EA5-A0E06D6D9C32}.Debug|x86.Build.0 = Debug|Win32
		{71AFE9B5-8523-4CE1-8EA5-A0E06D6D9C32}.Release|x64.ActiveCfg = Release|x64
		{71AFE9B5-8523-4CE1-8EA5-A0E06D6D9C32}.Release|x64.Build.0 = Release|x64
		{71AFE9B5-8523-4CE1-8EA5-A0E06D6D9C32}.Release|x86.ActiveCfg = Release|Win32
		{71AFE9B5-8523-4CE1-8EA5-A0E06D6D9C32}.Release|x86.Build.0 = Release|Win32
	EndGlobalSection
	GlobalSection(SolutionProperties) = preSolution
		HideSolutionNode = FALSE
	EndGlobalSection
	GlobalSection(ExtensibilityGlobals) = postSolution
		SolutionGuid = {BCF53F75-1412-4C80-B8EC-F8F0D08B61B4}
	EndGlobalSection
EndGlobal
